// !$*UTF8*$!
{
	archiveVersion = 1;
	classes = {
	};
	objectVersion = 46;
	objects = {

/* Begin PBXBuildFile section */
		142589D5198CDB230052EC77 /* MediaCollectionViewCell.m in Sources */ = {isa = PBXBuildFile; fileRef = 142589D2198CDB230052EC77 /* MediaCollectionViewCell.m */; };
		142589D7198CFC4B0052EC77 /* MediaCollectionViewCell.xib in Resources */ = {isa = PBXBuildFile; fileRef = 142589D6198CFC4B0052EC77 /* MediaCollectionViewCell.xib */; };
		142589DA198D05BF0052EC77 /* ViewController.m in Sources */ = {isa = PBXBuildFile; fileRef = 142589D9198D05BF0052EC77 /* ViewController.m */; };
		142C00C41985776B000BFEB8 /* InstagramPagination.m in Sources */ = {isa = PBXBuildFile; fileRef = 142C00C31985776B000BFEB8 /* InstagramPagination.m */; };
		1451D6861983EA03003380BC /* Foundation.framework in Frameworks */ = {isa = PBXBuildFile; fileRef = 1451D6851983EA03003380BC /* Foundation.framework */; };
		1451D6881983EA03003380BC /* CoreGraphics.framework in Frameworks */ = {isa = PBXBuildFile; fileRef = 1451D6871983EA03003380BC /* CoreGraphics.framework */; };
		1451D68A1983EA03003380BC /* UIKit.framework in Frameworks */ = {isa = PBXBuildFile; fileRef = 1451D6891983EA03003380BC /* UIKit.framework */; };
		1451D6901983EA03003380BC /* InfoPlist.strings in Resources */ = {isa = PBXBuildFile; fileRef = 1451D68E1983EA03003380BC /* InfoPlist.strings */; };
		1451D6921983EA03003380BC /* main.m in Sources */ = {isa = PBXBuildFile; fileRef = 1451D6911983EA03003380BC /* main.m */; };
		1451D6A11983EA03003380BC /* Images.xcassets in Resources */ = {isa = PBXBuildFile; fileRef = 1451D6A01983EA03003380BC /* Images.xcassets */; };
		1451D6A81983EA03003380BC /* XCTest.framework in Frameworks */ = {isa = PBXBuildFile; fileRef = 1451D6A71983EA03003380BC /* XCTest.framework */; };
		1451D6A91983EA03003380BC /* Foundation.framework in Frameworks */ = {isa = PBXBuildFile; fileRef = 1451D6851983EA03003380BC /* Foundation.framework */; };
		1451D6AA1983EA03003380BC /* UIKit.framework in Frameworks */ = {isa = PBXBuildFile; fileRef = 1451D6891983EA03003380BC /* UIKit.framework */; };
		1451D6B21983EA03003380BC /* InfoPlist.strings in Resources */ = {isa = PBXBuildFile; fileRef = 1451D6B01983EA03003380BC /* InfoPlist.strings */; };
		1451D6B41983EA03003380BC /* PhotoMapTests.m in Sources */ = {isa = PBXBuildFile; fileRef = 1451D6B31983EA03003380BC /* PhotoMapTests.m */; };
		1451D6C51983EE99003380BC /* AppDelegate.m in Sources */ = {isa = PBXBuildFile; fileRef = 1451D6BF1983EE99003380BC /* AppDelegate.m */; };
		1451D6CB1983FBAC003380BC /* RootViewController.m in Sources */ = {isa = PBXBuildFile; fileRef = 1451D6C91983FBAC003380BC /* RootViewController.m */; };
		1451D6CC1983FBAC003380BC /* RootViewController.xib in Resources */ = {isa = PBXBuildFile; fileRef = 1451D6CA1983FBAC003380BC /* RootViewController.xib */; };
		1451D6D01983FCF0003380BC /* FeedViewController.m in Sources */ = {isa = PBXBuildFile; fileRef = 1451D6CE1983FCF0003380BC /* FeedViewController.m */; };
		1451D6D11983FCF0003380BC /* FeedViewController.xib in Resources */ = {isa = PBXBuildFile; fileRef = 1451D6CF1983FCF0003380BC /* FeedViewController.xib */; };
		1451D6DD1983FD2F003380BC /* MapViewController.m in Sources */ = {isa = PBXBuildFile; fileRef = 1451D6DB1983FD2F003380BC /* MapViewController.m */; };
		1451D6DE1983FD2F003380BC /* MapViewController.xib in Resources */ = {isa = PBXBuildFile; fileRef = 1451D6DC1983FD2F003380BC /* MapViewController.xib */; };
		1451D6E21983FD45003380BC /* ProfileViewController.m in Sources */ = {isa = PBXBuildFile; fileRef = 1451D6E01983FD45003380BC /* ProfileViewController.m */; };
		1451D6E31983FD45003380BC /* ProfileViewController.xib in Resources */ = {isa = PBXBuildFile; fileRef = 1451D6E11983FD45003380BC /* ProfileViewController.xib */; };
		1451D6EA19840E3A003380BC /* InstagramService.m in Sources */ = {isa = PBXBuildFile; fileRef = 1451D6E919840E3A003380BC /* InstagramService.m */; };
		1451D6F0198423BE003380BC /* OAuthPromptViewController.m in Sources */ = {isa = PBXBuildFile; fileRef = 1451D6EE198423BE003380BC /* OAuthPromptViewController.m */; };
		1451D6F1198423BE003380BC /* OAuthPromptViewController.xib in Resources */ = {isa = PBXBuildFile; fileRef = 1451D6EF198423BE003380BC /* OAuthPromptViewController.xib */; };
		1459A36319887CBC005C6517 /* MediaManager.m in Sources */ = {isa = PBXBuildFile; fileRef = 1459A36219887CBC005C6517 /* MediaManager.m */; };
		1459A36619887ED4005C6517 /* ImageDownloader.m in Sources */ = {isa = PBXBuildFile; fileRef = 1459A36519887ED4005C6517 /* ImageDownloader.m */; };
		1459A36919887F48005C6517 /* ImageStoreCoordinator.m in Sources */ = {isa = PBXBuildFile; fileRef = 1459A36819887F48005C6517 /* ImageStoreCoordinator.m */; };
		145A00AA19853F21000E1B11 /* KeychainManager.m in Sources */ = {isa = PBXBuildFile; fileRef = 145A00A4198533C7000E1B11 /* KeychainManager.m */; };
		1485059A1988AB9200C96108 /* MediaFeed.m in Sources */ = {isa = PBXBuildFile; fileRef = 148505991988AB9200C96108 /* MediaFeed.m */; };
		148505A11988C6CD00C96108 /* MediaTableViewCell.m in Sources */ = {isa = PBXBuildFile; fileRef = 148505A01988C6CD00C96108 /* MediaTableViewCell.m */; };
		148505A31988EBFD00C96108 /* MediaTableViewCell.xib in Resources */ = {isa = PBXBuildFile; fileRef = 148505A21988EBFD00C96108 /* MediaTableViewCell.xib */; };
		148505A71988EDAC00C96108 /* TableViewCell.m in Sources */ = {isa = PBXBuildFile; fileRef = 148505A61988EDAC00C96108 /* TableViewCell.m */; };
		148505B01988F65100C96108 /* MediaDetailViewController.m in Sources */ = {isa = PBXBuildFile; fileRef = 148505AE1988F65100C96108 /* MediaDetailViewController.m */; };
		148505B11988F65100C96108 /* MediaDetailViewController.xib in Resources */ = {isa = PBXBuildFile; fileRef = 148505AF1988F65100C96108 /* MediaDetailViewController.xib */; };
		148505B41989030F00C96108 /* CommentTableViewCell.m in Sources */ = {isa = PBXBuildFile; fileRef = 148505B31989030F00C96108 /* CommentTableViewCell.m */; };
		148505B61989031E00C96108 /* CommentTableViewCell.xib in Resources */ = {isa = PBXBuildFile; fileRef = 148505B51989031E00C96108 /* CommentTableViewCell.xib */; };
		1489F167198BBCF700CDB3DD /* SearchResultsViewController.m in Sources */ = {isa = PBXBuildFile; fileRef = 1489F165198BBCF700CDB3DD /* SearchResultsViewController.m */; };
		1489F168198BBCF700CDB3DD /* SearchResultsViewController.xib in Resources */ = {isa = PBXBuildFile; fileRef = 1489F166198BBCF700CDB3DD /* SearchResultsViewController.xib */; };
		1489F16E198BC34E00CDB3DD /* InstagramTag.m in Sources */ = {isa = PBXBuildFile; fileRef = 1489F16C198BC34E00CDB3DD /* InstagramTag.m */; };
		14A36E961987B92500268F1D /* MapKit.framework in Frameworks */ = {isa = PBXBuildFile; fileRef = 14A36E951987B92500268F1D /* MapKit.framework */; };
		14F02EAA1989D98F006AB5D0 /* SearchViewController.m in Sources */ = {isa = PBXBuildFile; fileRef = 14F02EA81989D98F006AB5D0 /* SearchViewController.m */; };
		14F02EAB1989D98F006AB5D0 /* SearchViewController.xib in Resources */ = {isa = PBXBuildFile; fileRef = 14F02EA91989D98F006AB5D0 /* SearchViewController.xib */; };
		14F02EAE198A3BC0006AB5D0 /* FeedHeaderView.m in Sources */ = {isa = PBXBuildFile; fileRef = 14F02EAD198A3BC0006AB5D0 /* FeedHeaderView.m */; };
		14F02EB4198A3BE3006AB5D0 /* View.m in Sources */ = {isa = PBXBuildFile; fileRef = 14F02EB3198A3BE3006AB5D0 /* View.m */; };
		14F02EB6198A3C94006AB5D0 /* FeedHeaderView.xib in Resources */ = {isa = PBXBuildFile; fileRef = 14F02EB5198A3C94006AB5D0 /* FeedHeaderView.xib */; };
		14F02EB9198A5BDB006AB5D0 /* MapAnnotationView.m in Sources */ = {isa = PBXBuildFile; fileRef = 14F02EB8198A5BDB006AB5D0 /* MapAnnotationView.m */; };
		14F02EBC198A5C91006AB5D0 /* MapAnnotation.m in Sources */ = {isa = PBXBuildFile; fileRef = 14F02EBB198A5C91006AB5D0 /* MapAnnotation.m */; };
		14FFD48D1985A1D900A57FC6 /* PhotoMapModel.xcdatamodeld in Sources */ = {isa = PBXBuildFile; fileRef = 14FFD48B1985A1D900A57FC6 /* PhotoMapModel.xcdatamodeld */; };
		14FFD4901985B0C500A57FC6 /* InstagramManager.m in Sources */ = {isa = PBXBuildFile; fileRef = 14FFD48F1985B0C500A57FC6 /* InstagramManager.m */; };
		14FFD49E1985B4DC00A57FC6 /* InstagramStoreCoordinator.m in Sources */ = {isa = PBXBuildFile; fileRef = 14FFD49D1985B4DC00A57FC6 /* InstagramStoreCoordinator.m */; };
		14FFD4A51985B95A00A57FC6 /* CoreData.framework in Frameworks */ = {isa = PBXBuildFile; fileRef = 14FFD4A41985B95A00A57FC6 /* CoreData.framework */; };
		14FFD4A91985BFAF00A57FC6 /* CoreDataStoreCoordinator.m in Sources */ = {isa = PBXBuildFile; fileRef = 14FFD4A81985BFAF00A57FC6 /* CoreDataStoreCoordinator.m */; };
		14FFD4B51985CE6700A57FC6 /* InstagramMedia.m in Sources */ = {isa = PBXBuildFile; fileRef = 14FFD4B41985CE6700A57FC6 /* InstagramMedia.m */; };
		14FFD4B81985CE6800A57FC6 /* InstagramComment.m in Sources */ = {isa = PBXBuildFile; fileRef = 14FFD4B71985CE6800A57FC6 /* InstagramComment.m */; };
		14FFD4BB1985CE6800A57FC6 /* InstagramUser.m in Sources */ = {isa = PBXBuildFile; fileRef = 14FFD4BA1985CE6800A57FC6 /* InstagramUser.m */; };
		14FFD4CA1986676E00A57FC6 /* InstagramObjectMapper.m in Sources */ = {isa = PBXBuildFile; fileRef = 14FFD4C91986676E00A57FC6 /* InstagramObjectMapper.m */; };
		8AA928A169FC4761833C25EA /* libPods-PhotoMap.a in Frameworks */ = {isa = PBXBuildFile; fileRef = 16BD59BB887542098D352D45 /* libPods-PhotoMap.a */; };
/* End PBXBuildFile section */

/* Begin PBXContainerItemProxy section */
		1451D6AB1983EA03003380BC /* PBXContainerItemProxy */ = {
			isa = PBXContainerItemProxy;
			containerPortal = 1451D67A1983EA03003380BC /* Project object */;
			proxyType = 1;
			remoteGlobalIDString = 1451D6811983EA03003380BC;
			remoteInfo = PhotoMap;
		};
/* End PBXContainerItemProxy section */

/* Begin PBXFileReference section */
		142589D2198CDB230052EC77 /* MediaCollectionViewCell.m */ = {isa = PBXFileReference; fileEncoding = 4; lastKnownFileType = sourcecode.c.objc; name = MediaCollectionViewCell.m; path = Views/CollectionViewCells/MediaCollectionViewCell.m; sourceTree = "<group>"; };
		142589D3198CDB230052EC77 /* MediaCollectionViewCell.h */ = {isa = PBXFileReference; fileEncoding = 4; lastKnownFileType = sourcecode.c.h; name = MediaCollectionViewCell.h; path = Views/CollectionViewCells/MediaCollectionViewCell.h; sourceTree = "<group>"; };
		142589D6198CFC4B0052EC77 /* MediaCollectionViewCell.xib */ = {isa = PBXFileReference; fileEncoding = 4; lastKnownFileType = file.xib; name = MediaCollectionViewCell.xib; path = Views/CollectionViewCells/MediaCollectionViewCell.xib; sourceTree = "<group>"; };
		142589D8198D05BF0052EC77 /* ViewController.h */ = {isa = PBXFileReference; fileEncoding = 4; lastKnownFileType = sourcecode.c.h; path = ViewController.h; sourceTree = "<group>"; };
		142589D9198D05BF0052EC77 /* ViewController.m */ = {isa = PBXFileReference; fileEncoding = 4; lastKnownFileType = sourcecode.c.objc; path = ViewController.m; sourceTree = "<group>"; };
		142C00C21985776B000BFEB8 /* InstagramPagination.h */ = {isa = PBXFileReference; fileEncoding = 4; lastKnownFileType = sourcecode.c.h; name = InstagramPagination.h; path = Models/Instagram/InstagramPagination.h; sourceTree = "<group>"; };
		142C00C31985776B000BFEB8 /* InstagramPagination.m */ = {isa = PBXFileReference; fileEncoding = 4; lastKnownFileType = sourcecode.c.objc; name = InstagramPagination.m; path = Models/Instagram/InstagramPagination.m; sourceTree = "<group>"; };
		1451D6821983EA03003380BC /* PhotoMap.app */ = {isa = PBXFileReference; explicitFileType = wrapper.application; includeInIndex = 0; path = PhotoMap.app; sourceTree = BUILT_PRODUCTS_DIR; };
		1451D6851983EA03003380BC /* Foundation.framework */ = {isa = PBXFileReference; lastKnownFileType = wrapper.framework; name = Foundation.framework; path = System/Library/Frameworks/Foundation.framework; sourceTree = SDKROOT; };
		1451D6871983EA03003380BC /* CoreGraphics.framework */ = {isa = PBXFileReference; lastKnownFileType = wrapper.framework; name = CoreGraphics.framework; path = System/Library/Frameworks/CoreGraphics.framework; sourceTree = SDKROOT; };
		1451D6891983EA03003380BC /* UIKit.framework */ = {isa = PBXFileReference; lastKnownFileType = wrapper.framework; name = UIKit.framework; path = System/Library/Frameworks/UIKit.framework; sourceTree = SDKROOT; };
		1451D68D1983EA03003380BC /* PhotoMap-Info.plist */ = {isa = PBXFileReference; lastKnownFileType = text.plist.xml; path = "PhotoMap-Info.plist"; sourceTree = "<group>"; };
		1451D68F1983EA03003380BC /* en */ = {isa = PBXFileReference; lastKnownFileType = text.plist.strings; name = en; path = en.lproj/InfoPlist.strings; sourceTree = "<group>"; };
		1451D6911983EA03003380BC /* main.m */ = {isa = PBXFileReference; lastKnownFileType = sourcecode.c.objc; path = main.m; sourceTree = "<group>"; };
		1451D6931983EA03003380BC /* PhotoMap-Prefix.pch */ = {isa = PBXFileReference; lastKnownFileType = sourcecode.c.h; path = "PhotoMap-Prefix.pch"; sourceTree = "<group>"; };
		1451D6A01983EA03003380BC /* Images.xcassets */ = {isa = PBXFileReference; lastKnownFileType = folder.assetcatalog; path = Images.xcassets; sourceTree = "<group>"; };
		1451D6A61983EA03003380BC /* PhotoMapTests.xctest */ = {isa = PBXFileReference; explicitFileType = wrapper.cfbundle; includeInIndex = 0; path = PhotoMapTests.xctest; sourceTree = BUILT_PRODUCTS_DIR; };
		1451D6A71983EA03003380BC /* XCTest.framework */ = {isa = PBXFileReference; lastKnownFileType = wrapper.framework; name = XCTest.framework; path = Library/Frameworks/XCTest.framework; sourceTree = DEVELOPER_DIR; };
		1451D6AF1983EA03003380BC /* PhotoMapTests-Info.plist */ = {isa = PBXFileReference; lastKnownFileType = text.plist.xml; path = "PhotoMapTests-Info.plist"; sourceTree = "<group>"; };
		1451D6B11983EA03003380BC /* en */ = {isa = PBXFileReference; lastKnownFileType = text.plist.strings; name = en; path = en.lproj/InfoPlist.strings; sourceTree = "<group>"; };
		1451D6B31983EA03003380BC /* PhotoMapTests.m */ = {isa = PBXFileReference; lastKnownFileType = sourcecode.c.objc; path = PhotoMapTests.m; sourceTree = "<group>"; };
		1451D6BE1983EE99003380BC /* AppDelegate.h */ = {isa = PBXFileReference; fileEncoding = 4; lastKnownFileType = sourcecode.c.h; path = AppDelegate.h; sourceTree = "<group>"; };
		1451D6BF1983EE99003380BC /* AppDelegate.m */ = {isa = PBXFileReference; fileEncoding = 4; lastKnownFileType = sourcecode.c.objc; path = AppDelegate.m; sourceTree = "<group>"; };
		1451D6C81983FBAC003380BC /* RootViewController.h */ = {isa = PBXFileReference; fileEncoding = 4; lastKnownFileType = sourcecode.c.h; path = RootViewController.h; sourceTree = "<group>"; };
		1451D6C91983FBAC003380BC /* RootViewController.m */ = {isa = PBXFileReference; fileEncoding = 4; lastKnownFileType = sourcecode.c.objc; path = RootViewController.m; sourceTree = "<group>"; };
		1451D6CA1983FBAC003380BC /* RootViewController.xib */ = {isa = PBXFileReference; fileEncoding = 4; lastKnownFileType = file.xib; path = RootViewController.xib; sourceTree = "<group>"; };
		1451D6CD1983FCF0003380BC /* FeedViewController.h */ = {isa = PBXFileReference; fileEncoding = 4; lastKnownFileType = sourcecode.c.h; path = FeedViewController.h; sourceTree = "<group>"; };
		1451D6CE1983FCF0003380BC /* FeedViewController.m */ = {isa = PBXFileReference; fileEncoding = 4; lastKnownFileType = sourcecode.c.objc; path = FeedViewController.m; sourceTree = "<group>"; };
		1451D6CF1983FCF0003380BC /* FeedViewController.xib */ = {isa = PBXFileReference; fileEncoding = 4; lastKnownFileType = file.xib; path = FeedViewController.xib; sourceTree = "<group>"; };
		1451D6DA1983FD2F003380BC /* MapViewController.h */ = {isa = PBXFileReference; fileEncoding = 4; lastKnownFileType = sourcecode.c.h; path = MapViewController.h; sourceTree = "<group>"; };
		1451D6DB1983FD2F003380BC /* MapViewController.m */ = {isa = PBXFileReference; fileEncoding = 4; lastKnownFileType = sourcecode.c.objc; path = MapViewController.m; sourceTree = "<group>"; };
		1451D6DC1983FD2F003380BC /* MapViewController.xib */ = {isa = PBXFileReference; fileEncoding = 4; lastKnownFileType = file.xib; path = MapViewController.xib; sourceTree = "<group>"; };
		1451D6DF1983FD45003380BC /* ProfileViewController.h */ = {isa = PBXFileReference; fileEncoding = 4; lastKnownFileType = sourcecode.c.h; path = ProfileViewController.h; sourceTree = "<group>"; };
		1451D6E01983FD45003380BC /* ProfileViewController.m */ = {isa = PBXFileReference; fileEncoding = 4; lastKnownFileType = sourcecode.c.objc; path = ProfileViewController.m; sourceTree = "<group>"; };
		1451D6E11983FD45003380BC /* ProfileViewController.xib */ = {isa = PBXFileReference; fileEncoding = 4; lastKnownFileType = file.xib; path = ProfileViewController.xib; sourceTree = "<group>"; };
		1451D6E819840E3A003380BC /* InstagramService.h */ = {isa = PBXFileReference; fileEncoding = 4; lastKnownFileType = sourcecode.c.h; name = InstagramService.h; path = Services/InstagramService.h; sourceTree = "<group>"; };
		1451D6E919840E3A003380BC /* InstagramService.m */ = {isa = PBXFileReference; fileEncoding = 4; lastKnownFileType = sourcecode.c.objc; name = InstagramService.m; path = Services/InstagramService.m; sourceTree = "<group>"; };
		1451D6EB1984232F003380BC /* Config.h */ = {isa = PBXFileReference; lastKnownFileType = sourcecode.c.h; path = Config.h; sourceTree = "<group>"; };
		1451D6ED198423BE003380BC /* OAuthPromptViewController.h */ = {isa = PBXFileReference; fileEncoding = 4; lastKnownFileType = sourcecode.c.h; name = OAuthPromptViewController.h; path = Modals/OAuthPromptViewController.h; sourceTree = "<group>"; };
		1451D6EE198423BE003380BC /* OAuthPromptViewController.m */ = {isa = PBXFileReference; fileEncoding = 4; lastKnownFileType = sourcecode.c.objc; name = OAuthPromptViewController.m; path = Modals/OAuthPromptViewController.m; sourceTree = "<group>"; };
		1451D6EF198423BE003380BC /* OAuthPromptViewController.xib */ = {isa = PBXFileReference; fileEncoding = 4; lastKnownFileType = file.xib; name = OAuthPromptViewController.xib; path = Modals/OAuthPromptViewController.xib; sourceTree = "<group>"; };
		1459A36119887CBC005C6517 /* MediaManager.h */ = {isa = PBXFileReference; fileEncoding = 4; lastKnownFileType = sourcecode.c.h; name = MediaManager.h; path = Managers/MediaManager.h; sourceTree = "<group>"; };
		1459A36219887CBC005C6517 /* MediaManager.m */ = {isa = PBXFileReference; fileEncoding = 4; lastKnownFileType = sourcecode.c.objc; name = MediaManager.m; path = Managers/MediaManager.m; sourceTree = "<group>"; };
		1459A36419887ED4005C6517 /* ImageDownloader.h */ = {isa = PBXFileReference; fileEncoding = 4; lastKnownFileType = sourcecode.c.h; name = ImageDownloader.h; path = Services/ImageDownloader.h; sourceTree = "<group>"; };
		1459A36519887ED4005C6517 /* ImageDownloader.m */ = {isa = PBXFileReference; fileEncoding = 4; lastKnownFileType = sourcecode.c.objc; name = ImageDownloader.m; path = Services/ImageDownloader.m; sourceTree = "<group>"; };
		1459A36719887F48005C6517 /* ImageStoreCoordinator.h */ = {isa = PBXFileReference; fileEncoding = 4; lastKnownFileType = sourcecode.c.h; name = ImageStoreCoordinator.h; path = "Store Coordinators/ImageStoreCoordinator.h"; sourceTree = "<group>"; };
		1459A36819887F48005C6517 /* ImageStoreCoordinator.m */ = {isa = PBXFileReference; fileEncoding = 4; lastKnownFileType = sourcecode.c.objc; name = ImageStoreCoordinator.m; path = "Store Coordinators/ImageStoreCoordinator.m"; sourceTree = "<group>"; };
		145A00A3198533C7000E1B11 /* KeychainManager.h */ = {isa = PBXFileReference; fileEncoding = 4; lastKnownFileType = sourcecode.c.h; name = KeychainManager.h; path = Managers/KeychainManager.h; sourceTree = "<group>"; };
		145A00A4198533C7000E1B11 /* KeychainManager.m */ = {isa = PBXFileReference; fileEncoding = 4; lastKnownFileType = sourcecode.c.objc; name = KeychainManager.m; path = Managers/KeychainManager.m; sourceTree = "<group>"; };
		148505981988AB9200C96108 /* MediaFeed.h */ = {isa = PBXFileReference; fileEncoding = 4; lastKnownFileType = sourcecode.c.h; name = MediaFeed.h; path = Models/MediaFeed.h; sourceTree = "<group>"; };
		148505991988AB9200C96108 /* MediaFeed.m */ = {isa = PBXFileReference; fileEncoding = 4; lastKnownFileType = sourcecode.c.objc; name = MediaFeed.m; path = Models/MediaFeed.m; sourceTree = "<group>"; };
		1485059F1988C6CD00C96108 /* MediaTableViewCell.h */ = {isa = PBXFileReference; fileEncoding = 4; lastKnownFileType = sourcecode.c.h; path = MediaTableViewCell.h; sourceTree = "<group>"; };
		148505A01988C6CD00C96108 /* MediaTableViewCell.m */ = {isa = PBXFileReference; fileEncoding = 4; lastKnownFileType = sourcecode.c.objc; path = MediaTableViewCell.m; sourceTree = "<group>"; };
		148505A21988EBFD00C96108 /* MediaTableViewCell.xib */ = {isa = PBXFileReference; fileEncoding = 4; lastKnownFileType = file.xib; path = MediaTableViewCell.xib; sourceTree = "<group>"; };
		148505A51988EDAC00C96108 /* TableViewCell.h */ = {isa = PBXFileReference; fileEncoding = 4; lastKnownFileType = sourcecode.c.h; path = TableViewCell.h; sourceTree = "<group>"; };
		148505A61988EDAC00C96108 /* TableViewCell.m */ = {isa = PBXFileReference; fileEncoding = 4; lastKnownFileType = sourcecode.c.objc; path = TableViewCell.m; sourceTree = "<group>"; };
		148505AD1988F65100C96108 /* MediaDetailViewController.h */ = {isa = PBXFileReference; fileEncoding = 4; lastKnownFileType = sourcecode.c.h; path = MediaDetailViewController.h; sourceTree = "<group>"; };
		148505AE1988F65100C96108 /* MediaDetailViewController.m */ = {isa = PBXFileReference; fileEncoding = 4; lastKnownFileType = sourcecode.c.objc; path = MediaDetailViewController.m; sourceTree = "<group>"; };
		148505AF1988F65100C96108 /* MediaDetailViewController.xib */ = {isa = PBXFileReference; fileEncoding = 4; lastKnownFileType = file.xib; path = MediaDetailViewController.xib; sourceTree = "<group>"; };
		148505B21989030F00C96108 /* CommentTableViewCell.h */ = {isa = PBXFileReference; fileEncoding = 4; lastKnownFileType = sourcecode.c.h; path = CommentTableViewCell.h; sourceTree = "<group>"; };
		148505B31989030F00C96108 /* CommentTableViewCell.m */ = {isa = PBXFileReference; fileEncoding = 4; lastKnownFileType = sourcecode.c.objc; path = CommentTableViewCell.m; sourceTree = "<group>"; };
		148505B51989031E00C96108 /* CommentTableViewCell.xib */ = {isa = PBXFileReference; fileEncoding = 4; lastKnownFileType = file.xib; path = CommentTableViewCell.xib; sourceTree = "<group>"; };
		1489F164198BBCF700CDB3DD /* SearchResultsViewController.h */ = {isa = PBXFileReference; fileEncoding = 4; lastKnownFileType = sourcecode.c.h; path = SearchResultsViewController.h; sourceTree = "<group>"; };
		1489F165198BBCF700CDB3DD /* SearchResultsViewController.m */ = {isa = PBXFileReference; fileEncoding = 4; lastKnownFileType = sourcecode.c.objc; path = SearchResultsViewController.m; sourceTree = "<group>"; };
		1489F166198BBCF700CDB3DD /* SearchResultsViewController.xib */ = {isa = PBXFileReference; fileEncoding = 4; lastKnownFileType = file.xib; path = SearchResultsViewController.xib; sourceTree = "<group>"; };
		1489F16C198BC34E00CDB3DD /* InstagramTag.m */ = {isa = PBXFileReference; fileEncoding = 4; lastKnownFileType = sourcecode.c.objc; name = InstagramTag.m; path = Models/Instagram/InstagramTag.m; sourceTree = "<group>"; };
		1489F16D198BC34E00CDB3DD /* InstagramTag.h */ = {isa = PBXFileReference; fileEncoding = 4; lastKnownFileType = sourcecode.c.h; name = InstagramTag.h; path = Models/Instagram/InstagramTag.h; sourceTree = "<group>"; };
		14A36E951987B92500268F1D /* MapKit.framework */ = {isa = PBXFileReference; lastKnownFileType = wrapper.framework; name = MapKit.framework; path = System/Library/Frameworks/MapKit.framework; sourceTree = SDKROOT; };
		14F02EA71989D98F006AB5D0 /* SearchViewController.h */ = {isa = PBXFileReference; fileEncoding = 4; lastKnownFileType = sourcecode.c.h; path = SearchViewController.h; sourceTree = "<group>"; };
		14F02EA81989D98F006AB5D0 /* SearchViewController.m */ = {isa = PBXFileReference; fileEncoding = 4; lastKnownFileType = sourcecode.c.objc; path = SearchViewController.m; sourceTree = "<group>"; };
		14F02EA91989D98F006AB5D0 /* SearchViewController.xib */ = {isa = PBXFileReference; fileEncoding = 4; lastKnownFileType = file.xib; path = SearchViewController.xib; sourceTree = "<group>"; };
		14F02EAC198A3BC0006AB5D0 /* FeedHeaderView.h */ = {isa = PBXFileReference; fileEncoding = 4; lastKnownFileType = sourcecode.c.h; name = FeedHeaderView.h; path = Views/FeedHeaderView.h; sourceTree = "<group>"; };
		14F02EAD198A3BC0006AB5D0 /* FeedHeaderView.m */ = {isa = PBXFileReference; fileEncoding = 4; lastKnownFileType = sourcecode.c.objc; name = FeedHeaderView.m; path = Views/FeedHeaderView.m; sourceTree = "<group>"; };
		14F02EB2198A3BE3006AB5D0 /* View.h */ = {isa = PBXFileReference; fileEncoding = 4; lastKnownFileType = sourcecode.c.h; name = View.h; path = Views/View.h; sourceTree = "<group>"; };
		14F02EB3198A3BE3006AB5D0 /* View.m */ = {isa = PBXFileReference; fileEncoding = 4; lastKnownFileType = sourcecode.c.objc; name = View.m; path = Views/View.m; sourceTree = "<group>"; };
		14F02EB5198A3C94006AB5D0 /* FeedHeaderView.xib */ = {isa = PBXFileReference; fileEncoding = 4; lastKnownFileType = file.xib; name = FeedHeaderView.xib; path = Views/FeedHeaderView.xib; sourceTree = "<group>"; };
		14F02EB7198A5BDB006AB5D0 /* MapAnnotationView.h */ = {isa = PBXFileReference; fileEncoding = 4; lastKnownFileType = sourcecode.c.h; name = MapAnnotationView.h; path = Views/MapAnnotationView.h; sourceTree = "<group>"; };
		14F02EB8198A5BDB006AB5D0 /* MapAnnotationView.m */ = {isa = PBXFileReference; fileEncoding = 4; lastKnownFileType = sourcecode.c.objc; name = MapAnnotationView.m; path = Views/MapAnnotationView.m; sourceTree = "<group>"; };
		14F02EBA198A5C91006AB5D0 /* MapAnnotation.h */ = {isa = PBXFileReference; fileEncoding = 4; lastKnownFileType = sourcecode.c.h; name = MapAnnotation.h; path = Models/MapAnnotation.h; sourceTree = "<group>"; };
		14F02EBB198A5C91006AB5D0 /* MapAnnotation.m */ = {isa = PBXFileReference; fileEncoding = 4; lastKnownFileType = sourcecode.c.objc; name = MapAnnotation.m; path = Models/MapAnnotation.m; sourceTree = "<group>"; };
		14FFD48C1985A1D900A57FC6 /* PhotoMapModel.xcdatamodel */ = {isa = PBXFileReference; lastKnownFileType = wrapper.xcdatamodel; path = PhotoMapModel.xcdatamodel; sourceTree = "<group>"; };
		14FFD48E1985B0C500A57FC6 /* InstagramManager.h */ = {isa = PBXFileReference; fileEncoding = 4; lastKnownFileType = sourcecode.c.h; name = InstagramManager.h; path = Managers/InstagramManager.h; sourceTree = "<group>"; };
		14FFD48F1985B0C500A57FC6 /* InstagramManager.m */ = {isa = PBXFileReference; fileEncoding = 4; lastKnownFileType = sourcecode.c.objc; name = InstagramManager.m; path = Managers/InstagramManager.m; sourceTree = "<group>"; };
		14FFD49C1985B4DC00A57FC6 /* InstagramStoreCoordinator.h */ = {isa = PBXFileReference; fileEncoding = 4; lastKnownFileType = sourcecode.c.h; name = InstagramStoreCoordinator.h; path = "Store Coordinators/InstagramStoreCoordinator.h"; sourceTree = "<group>"; };
		14FFD49D1985B4DC00A57FC6 /* InstagramStoreCoordinator.m */ = {isa = PBXFileReference; fileEncoding = 4; lastKnownFileType = sourcecode.c.objc; name = InstagramStoreCoordinator.m; path = "Store Coordinators/InstagramStoreCoordinator.m"; sourceTree = "<group>"; };
		14FFD4A41985B95A00A57FC6 /* CoreData.framework */ = {isa = PBXFileReference; lastKnownFileType = wrapper.framework; name = CoreData.framework; path = System/Library/Frameworks/CoreData.framework; sourceTree = SDKROOT; };
		14FFD4A71985BFAF00A57FC6 /* CoreDataStoreCoordinator.h */ = {isa = PBXFileReference; fileEncoding = 4; lastKnownFileType = sourcecode.c.h; name = CoreDataStoreCoordinator.h; path = "Store Coordinators/CoreDataStoreCoordinator.h"; sourceTree = "<group>"; };
		14FFD4A81985BFAF00A57FC6 /* CoreDataStoreCoordinator.m */ = {isa = PBXFileReference; fileEncoding = 4; lastKnownFileType = sourcecode.c.objc; name = CoreDataStoreCoordinator.m; path = "Store Coordinators/CoreDataStoreCoordinator.m"; sourceTree = "<group>"; };
		14FFD4B31985CE6700A57FC6 /* InstagramMedia.h */ = {isa = PBXFileReference; fileEncoding = 4; lastKnownFileType = sourcecode.c.h; name = InstagramMedia.h; path = Entities/InstagramMedia.h; sourceTree = "<group>"; };
		14FFD4B41985CE6700A57FC6 /* InstagramMedia.m */ = {isa = PBXFileReference; fileEncoding = 4; lastKnownFileType = sourcecode.c.objc; name = InstagramMedia.m; path = Entities/InstagramMedia.m; sourceTree = "<group>"; };
		14FFD4B61985CE6800A57FC6 /* InstagramComment.h */ = {isa = PBXFileReference; fileEncoding = 4; lastKnownFileType = sourcecode.c.h; name = InstagramComment.h; path = Entities/InstagramComment.h; sourceTree = "<group>"; };
		14FFD4B71985CE6800A57FC6 /* InstagramComment.m */ = {isa = PBXFileReference; fileEncoding = 4; lastKnownFileType = sourcecode.c.objc; name = InstagramComment.m; path = Entities/InstagramComment.m; sourceTree = "<group>"; };
		14FFD4B91985CE6800A57FC6 /* InstagramUser.h */ = {isa = PBXFileReference; fileEncoding = 4; lastKnownFileType = sourcecode.c.h; name = InstagramUser.h; path = Entities/InstagramUser.h; sourceTree = "<group>"; };
		14FFD4BA1985CE6800A57FC6 /* InstagramUser.m */ = {isa = PBXFileReference; fileEncoding = 4; lastKnownFileType = sourcecode.c.objc; name = InstagramUser.m; path = Entities/InstagramUser.m; sourceTree = "<group>"; };
		14FFD4C81986676E00A57FC6 /* InstagramObjectMapper.h */ = {isa = PBXFileReference; fileEncoding = 4; lastKnownFileType = sourcecode.c.h; path = InstagramObjectMapper.h; sourceTree = "<group>"; };
		14FFD4C91986676E00A57FC6 /* InstagramObjectMapper.m */ = {isa = PBXFileReference; fileEncoding = 4; lastKnownFileType = sourcecode.c.objc; path = InstagramObjectMapper.m; sourceTree = "<group>"; };
		16BD59BB887542098D352D45 /* libPods-PhotoMap.a */ = {isa = PBXFileReference; explicitFileType = archive.ar; includeInIndex = 0; path = "libPods-PhotoMap.a"; sourceTree = BUILT_PRODUCTS_DIR; };
		ED12EAD1DEB24302A22DD24E /* Pods-PhotoMap.xcconfig */ = {isa = PBXFileReference; includeInIndex = 1; lastKnownFileType = text.xcconfig; name = "Pods-PhotoMap.xcconfig"; path = "Pods/Pods-PhotoMap.xcconfig"; sourceTree = "<group>"; };
/* End PBXFileReference section */

/* Begin PBXFrameworksBuildPhase section */
		1451D67F1983EA03003380BC /* Frameworks */ = {
			isa = PBXFrameworksBuildPhase;
			buildActionMask = 2147483647;
			files = (
				14A36E961987B92500268F1D /* MapKit.framework in Frameworks */,
				14FFD4A51985B95A00A57FC6 /* CoreData.framework in Frameworks */,
				1451D6881983EA03003380BC /* CoreGraphics.framework in Frameworks */,
				1451D68A1983EA03003380BC /* UIKit.framework in Frameworks */,
				1451D6861983EA03003380BC /* Foundation.framework in Frameworks */,
				8AA928A169FC4761833C25EA /* libPods-PhotoMap.a in Frameworks */,
			);
			runOnlyForDeploymentPostprocessing = 0;
		};
		1451D6A31983EA03003380BC /* Frameworks */ = {
			isa = PBXFrameworksBuildPhase;
			buildActionMask = 2147483647;
			files = (
				1451D6A81983EA03003380BC /* XCTest.framework in Frameworks */,
				1451D6AA1983EA03003380BC /* UIKit.framework in Frameworks */,
				1451D6A91983EA03003380BC /* Foundation.framework in Frameworks */,
			);
			runOnlyForDeploymentPostprocessing = 0;
		};
/* End PBXFrameworksBuildPhase section */

/* Begin PBXGroup section */
		142589D0198CDAC50052EC77 /* CollectionViewCells */ = {
			isa = PBXGroup;
			children = (
				142589D2198CDB230052EC77 /* MediaCollectionViewCell.m */,
				142589D3198CDB230052EC77 /* MediaCollectionViewCell.h */,
				142589D6198CFC4B0052EC77 /* MediaCollectionViewCell.xib */,
			);
			name = CollectionViewCells;
			sourceTree = "<group>";
		};
		142C00C119857734000BFEB8 /* Instagram */ = {
			isa = PBXGroup;
			children = (
				1489F16C198BC34E00CDB3DD /* InstagramTag.m */,
				1489F16D198BC34E00CDB3DD /* InstagramTag.h */,
				142C00C21985776B000BFEB8 /* InstagramPagination.h */,
				142C00C31985776B000BFEB8 /* InstagramPagination.m */,
			);
			name = Instagram;
			sourceTree = "<group>";
		};
		1451D6791983EA03003380BC = {
			isa = PBXGroup;
			children = (
				1451D68B1983EA03003380BC /* Application */,
				1451D6AD1983EA03003380BC /* PhotoMapTests */,
				1451D6841983EA03003380BC /* Frameworks */,
				1451D6831983EA03003380BC /* Products */,
				ED12EAD1DEB24302A22DD24E /* Pods-PhotoMap.xcconfig */,
			);
			sourceTree = "<group>";
		};
		1451D6831983EA03003380BC /* Products */ = {
			isa = PBXGroup;
			children = (
				1451D6821983EA03003380BC /* PhotoMap.app */,
				1451D6A61983EA03003380BC /* PhotoMapTests.xctest */,
			);
			name = Products;
			sourceTree = "<group>";
		};
		1451D6841983EA03003380BC /* Frameworks */ = {
			isa = PBXGroup;
			children = (
				14A36E951987B92500268F1D /* MapKit.framework */,
				14FFD4A41985B95A00A57FC6 /* CoreData.framework */,
				1451D6851983EA03003380BC /* Foundation.framework */,
				1451D6871983EA03003380BC /* CoreGraphics.framework */,
				1451D6891983EA03003380BC /* UIKit.framework */,
				1451D6A71983EA03003380BC /* XCTest.framework */,
				16BD59BB887542098D352D45 /* libPods-PhotoMap.a */,
			);
			name = Frameworks;
			sourceTree = "<group>";
		};
		1451D68B1983EA03003380BC /* Application */ = {
			isa = PBXGroup;
			children = (
				1451D6BD1983EE99003380BC /* Classes */,
				14FFD48A1985A19B00A57FC6 /* Resources */,
				1451D68C1983EA03003380BC /* Supporting Files */,
				1451D6A01983EA03003380BC /* Images.xcassets */,
			);
			path = Application;
			sourceTree = "<group>";
		};
		1451D68C1983EA03003380BC /* Supporting Files */ = {
			isa = PBXGroup;
			children = (
				1451D68D1983EA03003380BC /* PhotoMap-Info.plist */,
				1451D68E1983EA03003380BC /* InfoPlist.strings */,
				1451D6911983EA03003380BC /* main.m */,
				1451D6931983EA03003380BC /* PhotoMap-Prefix.pch */,
			);
			name = "Supporting Files";
			sourceTree = "<group>";
		};
		1451D6AD1983EA03003380BC /* PhotoMapTests */ = {
			isa = PBXGroup;
			children = (
				1451D6B31983EA03003380BC /* PhotoMapTests.m */,
				1451D6AE1983EA03003380BC /* Supporting Files */,
			);
			path = PhotoMapTests;
			sourceTree = "<group>";
		};
		1451D6AE1983EA03003380BC /* Supporting Files */ = {
			isa = PBXGroup;
			children = (
				1451D6AF1983EA03003380BC /* PhotoMapTests-Info.plist */,
				1451D6B01983EA03003380BC /* InfoPlist.strings */,
			);
			name = "Supporting Files";
			sourceTree = "<group>";
		};
		1451D6BD1983EE99003380BC /* Classes */ = {
			isa = PBXGroup;
			children = (
				1451D6BE1983EE99003380BC /* AppDelegate.h */,
				1451D6BF1983EE99003380BC /* AppDelegate.m */,
				1451D6EB1984232F003380BC /* Config.h */,
				14FFD49A1985B18200A57FC6 /* Entities */,
				1451D6E719840E18003380BC /* Managers */,
				145A00A61985363C000E1B11 /* Models */,
				14FFD4C71986676E00A57FC6 /* Object Mappers */,
				1451D6E619840E14003380BC /* Services */,
				14FFD49B1985B44F00A57FC6 /* Store Coordinators */,
				1451D6C01983EE99003380BC /* View Controllers */,
				148505961988A52A00C96108 /* Views */,
			);
			path = Classes;
			sourceTree = "<group>";
		};
		1451D6C01983EE99003380BC /* View Controllers */ = {
			isa = PBXGroup;
			children = (
				1451D6EC19842378003380BC /* Modals */,
				1451D6C81983FBAC003380BC /* RootViewController.h */,
				1451D6C91983FBAC003380BC /* RootViewController.m */,
				1451D6CA1983FBAC003380BC /* RootViewController.xib */,
				1451D6CD1983FCF0003380BC /* FeedViewController.h */,
				1451D6CE1983FCF0003380BC /* FeedViewController.m */,
				1451D6CF1983FCF0003380BC /* FeedViewController.xib */,
				1451D6DA1983FD2F003380BC /* MapViewController.h */,
				1451D6DB1983FD2F003380BC /* MapViewController.m */,
				1451D6DC1983FD2F003380BC /* MapViewController.xib */,
				1451D6DF1983FD45003380BC /* ProfileViewController.h */,
				1451D6E01983FD45003380BC /* ProfileViewController.m */,
				1451D6E11983FD45003380BC /* ProfileViewController.xib */,
				148505AD1988F65100C96108 /* MediaDetailViewController.h */,
				148505AE1988F65100C96108 /* MediaDetailViewController.m */,
				148505AF1988F65100C96108 /* MediaDetailViewController.xib */,
				14F02EA71989D98F006AB5D0 /* SearchViewController.h */,
				14F02EA81989D98F006AB5D0 /* SearchViewController.m */,
				14F02EA91989D98F006AB5D0 /* SearchViewController.xib */,
				1489F164198BBCF700CDB3DD /* SearchResultsViewController.h */,
				1489F165198BBCF700CDB3DD /* SearchResultsViewController.m */,
				1489F166198BBCF700CDB3DD /* SearchResultsViewController.xib */,
				142589D8198D05BF0052EC77 /* ViewController.h */,
				142589D9198D05BF0052EC77 /* ViewController.m */,
			);
			path = "View Controllers";
			sourceTree = "<group>";
		};
		1451D6E619840E14003380BC /* Services */ = {
			isa = PBXGroup;
			children = (
				1459A36419887ED4005C6517 /* ImageDownloader.h */,
				1459A36519887ED4005C6517 /* ImageDownloader.m */,
				1451D6E819840E3A003380BC /* InstagramService.h */,
				1451D6E919840E3A003380BC /* InstagramService.m */,
			);
			name = Services;
			sourceTree = "<group>";
		};
		1451D6E719840E18003380BC /* Managers */ = {
			isa = PBXGroup;
			children = (
				14FFD48E1985B0C500A57FC6 /* InstagramManager.h */,
				14FFD48F1985B0C500A57FC6 /* InstagramManager.m */,
				145A00A3198533C7000E1B11 /* KeychainManager.h */,
				145A00A4198533C7000E1B11 /* KeychainManager.m */,
				1459A36119887CBC005C6517 /* MediaManager.h */,
				1459A36219887CBC005C6517 /* MediaManager.m */,
			);
			name = Managers;
			sourceTree = "<group>";
		};
		1451D6EC19842378003380BC /* Modals */ = {
			isa = PBXGroup;
			children = (
				1451D6ED198423BE003380BC /* OAuthPromptViewController.h */,
				1451D6EE198423BE003380BC /* OAuthPromptViewController.m */,
				1451D6EF198423BE003380BC /* OAuthPromptViewController.xib */,
			);
			name = Modals;
			sourceTree = "<group>";
		};
		145A00A61985363C000E1B11 /* Models */ = {
			isa = PBXGroup;
			children = (
				14F02EBA198A5C91006AB5D0 /* MapAnnotation.h */,
				14F02EBB198A5C91006AB5D0 /* MapAnnotation.m */,
				142C00C119857734000BFEB8 /* Instagram */,
				148505981988AB9200C96108 /* MediaFeed.h */,
				148505991988AB9200C96108 /* MediaFeed.m */,
			);
			name = Models;
			sourceTree = "<group>";
		};
		148505961988A52A00C96108 /* Views */ = {
			isa = PBXGroup;
			children = (
				142589D0198CDAC50052EC77 /* CollectionViewCells */,
				1485059E1988C6CD00C96108 /* TableViewCells */,
				14F02EAC198A3BC0006AB5D0 /* FeedHeaderView.h */,
				14F02EAD198A3BC0006AB5D0 /* FeedHeaderView.m */,
				14F02EB5198A3C94006AB5D0 /* FeedHeaderView.xib */,
				14F02EB7198A5BDB006AB5D0 /* MapAnnotationView.h */,
				14F02EB8198A5BDB006AB5D0 /* MapAnnotationView.m */,
				14F02EB2198A3BE3006AB5D0 /* View.h */,
				14F02EB3198A3BE3006AB5D0 /* View.m */,
			);
			name = Views;
			sourceTree = "<group>";
		};
		1485059E1988C6CD00C96108 /* TableViewCells */ = {
			isa = PBXGroup;
			children = (
				1485059F1988C6CD00C96108 /* MediaTableViewCell.h */,
				148505A01988C6CD00C96108 /* MediaTableViewCell.m */,
				148505A21988EBFD00C96108 /* MediaTableViewCell.xib */,
				148505A51988EDAC00C96108 /* TableViewCell.h */,
				148505A61988EDAC00C96108 /* TableViewCell.m */,
				148505B21989030F00C96108 /* CommentTableViewCell.h */,
				148505B31989030F00C96108 /* CommentTableViewCell.m */,
				148505B51989031E00C96108 /* CommentTableViewCell.xib */,
			);
			name = TableViewCells;
			path = Views/TableViewCells;
			sourceTree = "<group>";
		};
		14FFD48A1985A19B00A57FC6 /* Resources */ = {
			isa = PBXGroup;
			children = (
				14FFD48B1985A1D900A57FC6 /* PhotoMapModel.xcdatamodeld */,
			);
			name = Resources;
			sourceTree = "<group>";
		};
		14FFD49A1985B18200A57FC6 /* Entities */ = {
			isa = PBXGroup;
			children = (
				14FFD4B91985CE6800A57FC6 /* InstagramUser.h */,
				14FFD4BA1985CE6800A57FC6 /* InstagramUser.m */,
				14FFD4B61985CE6800A57FC6 /* InstagramComment.h */,
				14FFD4B71985CE6800A57FC6 /* InstagramComment.m */,
				14FFD4B31985CE6700A57FC6 /* InstagramMedia.h */,
				14FFD4B41985CE6700A57FC6 /* InstagramMedia.m */,
			);
			name = Entities;
			sourceTree = "<group>";
		};
		14FFD49B1985B44F00A57FC6 /* Store Coordinators */ = {
			isa = PBXGroup;
			children = (
				14FFD4A71985BFAF00A57FC6 /* CoreDataStoreCoordinator.h */,
				14FFD4A81985BFAF00A57FC6 /* CoreDataStoreCoordinator.m */,
				1459A36719887F48005C6517 /* ImageStoreCoordinator.h */,
				1459A36819887F48005C6517 /* ImageStoreCoordinator.m */,
				14FFD49C1985B4DC00A57FC6 /* InstagramStoreCoordinator.h */,
				14FFD49D1985B4DC00A57FC6 /* InstagramStoreCoordinator.m */,
			);
			name = "Store Coordinators";
			sourceTree = "<group>";
		};
		14FFD4C71986676E00A57FC6 /* Object Mappers */ = {
			isa = PBXGroup;
			children = (
				14FFD4C81986676E00A57FC6 /* InstagramObjectMapper.h */,
				14FFD4C91986676E00A57FC6 /* InstagramObjectMapper.m */,
			);
			path = "Object Mappers";
			sourceTree = "<group>";
		};
/* End PBXGroup section */

/* Begin PBXNativeTarget section */
		1451D6811983EA03003380BC /* PhotoMap */ = {
			isa = PBXNativeTarget;
			buildConfigurationList = 1451D6B71983EA03003380BC /* Build configuration list for PBXNativeTarget "PhotoMap" */;
			buildPhases = (
				546FDBD854E546E98A0D8BAE /* Check Pods Manifest.lock */,
				1451D67E1983EA03003380BC /* Sources */,
				1451D67F1983EA03003380BC /* Frameworks */,
				1451D6801983EA03003380BC /* Resources */,
				1D9789E7C2AF4ABF9A8809FE /* Copy Pods Resources */,
			);
			buildRules = (
			);
			dependencies = (
			);
			name = PhotoMap;
			productName = PhotoMap;
			productReference = 1451D6821983EA03003380BC /* PhotoMap.app */;
			productType = "com.apple.product-type.application";
		};
		1451D6A51983EA03003380BC /* PhotoMapTests */ = {
			isa = PBXNativeTarget;
			buildConfigurationList = 1451D6BA1983EA03003380BC /* Build configuration list for PBXNativeTarget "PhotoMapTests" */;
			buildPhases = (
				1451D6A21983EA03003380BC /* Sources */,
				1451D6A31983EA03003380BC /* Frameworks */,
				1451D6A41983EA03003380BC /* Resources */,
			);
			buildRules = (
			);
			dependencies = (
				1451D6AC1983EA03003380BC /* PBXTargetDependency */,
			);
			name = PhotoMapTests;
			productName = PhotoMapTests;
			productReference = 1451D6A61983EA03003380BC /* PhotoMapTests.xctest */;
			productType = "com.apple.product-type.bundle.unit-test";
		};
/* End PBXNativeTarget section */

/* Begin PBXProject section */
		1451D67A1983EA03003380BC /* Project object */ = {
			isa = PBXProject;
			attributes = {
				LastUpgradeCheck = 0510;
				ORGANIZATIONNAME = bryantjustin.com;
				TargetAttributes = {
					1451D6A51983EA03003380BC = {
						TestTargetID = 1451D6811983EA03003380BC;
					};
				};
			};
			buildConfigurationList = 1451D67D1983EA03003380BC /* Build configuration list for PBXProject "PhotoMap" */;
			compatibilityVersion = "Xcode 3.2";
			developmentRegion = English;
			hasScannedForEncodings = 0;
			knownRegions = (
				en,
				Base,
			);
			mainGroup = 1451D6791983EA03003380BC;
			productRefGroup = 1451D6831983EA03003380BC /* Products */;
			projectDirPath = "";
			projectRoot = "";
			targets = (
				1451D6811983EA03003380BC /* PhotoMap */,
				1451D6A51983EA03003380BC /* PhotoMapTests */,
			);
		};
/* End PBXProject section */

/* Begin PBXResourcesBuildPhase section */
		1451D6801983EA03003380BC /* Resources */ = {
			isa = PBXResourcesBuildPhase;
			buildActionMask = 2147483647;
			files = (
				1451D6F1198423BE003380BC /* OAuthPromptViewController.xib in Resources */,
				142589D7198CFC4B0052EC77 /* MediaCollectionViewCell.xib in Resources */,
				1451D6E31983FD45003380BC /* ProfileViewController.xib in Resources */,
				148505B11988F65100C96108 /* MediaDetailViewController.xib in Resources */,
				1451D6A11983EA03003380BC /* Images.xcassets in Resources */,
				1451D6DE1983FD2F003380BC /* MapViewController.xib in Resources */,
				1451D6901983EA03003380BC /* InfoPlist.strings in Resources */,
				148505A31988EBFD00C96108 /* MediaTableViewCell.xib in Resources */,
				14F02EAB1989D98F006AB5D0 /* SearchViewController.xib in Resources */,
				1451D6D11983FCF0003380BC /* FeedViewController.xib in Resources */,
				1451D6CC1983FBAC003380BC /* RootViewController.xib in Resources */,
				148505B61989031E00C96108 /* CommentTableViewCell.xib in Resources */,
				1489F168198BBCF700CDB3DD /* SearchResultsViewController.xib in Resources */,
				14F02EB6198A3C94006AB5D0 /* FeedHeaderView.xib in Resources */,
			);
			runOnlyForDeploymentPostprocessing = 0;
		};
		1451D6A41983EA03003380BC /* Resources */ = {
			isa = PBXResourcesBuildPhase;
			buildActionMask = 2147483647;
			files = (
				1451D6B21983EA03003380BC /* InfoPlist.strings in Resources */,
			);
			runOnlyForDeploymentPostprocessing = 0;
		};
/* End PBXResourcesBuildPhase section */

/* Begin PBXShellScriptBuildPhase section */
		1D9789E7C2AF4ABF9A8809FE /* Copy Pods Resources */ = {
			isa = PBXShellScriptBuildPhase;
			buildActionMask = 2147483647;
			files = (
			);
			inputPaths = (
			);
			name = "Copy Pods Resources";
			outputPaths = (
			);
			runOnlyForDeploymentPostprocessing = 0;
			shellPath = /bin/sh;
			shellScript = "\"${SRCROOT}/Pods/Pods-PhotoMap-resources.sh\"\n";
			showEnvVarsInLog = 0;
		};
		546FDBD854E546E98A0D8BAE /* Check Pods Manifest.lock */ = {
			isa = PBXShellScriptBuildPhase;
			buildActionMask = 2147483647;
			files = (
			);
			inputPaths = (
			);
			name = "Check Pods Manifest.lock";
			outputPaths = (
			);
			runOnlyForDeploymentPostprocessing = 0;
			shellPath = /bin/sh;
			shellScript = "diff \"${PODS_ROOT}/../Podfile.lock\" \"${PODS_ROOT}/Manifest.lock\" > /dev/null\nif [[ $? != 0 ]] ; then\n    cat << EOM\nerror: The sandbox is not in sync with the Podfile.lock. Run 'pod install' or update your CocoaPods installation.\nEOM\n    exit 1\nfi\n";
			showEnvVarsInLog = 0;
		};
/* End PBXShellScriptBuildPhase section */

/* Begin PBXSourcesBuildPhase section */
		1451D67E1983EA03003380BC /* Sources */ = {
			isa = PBXSourcesBuildPhase;
			buildActionMask = 2147483647;
			files = (
				145A00AA19853F21000E1B11 /* KeychainManager.m in Sources */,
				14F02EB4198A3BE3006AB5D0 /* View.m in Sources */,
				14FFD4BB1985CE6800A57FC6 /* InstagramUser.m in Sources */,
				1459A36619887ED4005C6517 /* ImageDownloader.m in Sources */,
				148505B41989030F00C96108 /* CommentTableViewCell.m in Sources */,
				14F02EAA1989D98F006AB5D0 /* SearchViewController.m in Sources */,
				14F02EBC198A5C91006AB5D0 /* MapAnnotation.m in Sources */,
				1451D6F0198423BE003380BC /* OAuthPromptViewController.m in Sources */,
				1451D6EA19840E3A003380BC /* InstagramService.m in Sources */,
				1451D6C51983EE99003380BC /* AppDelegate.m in Sources */,
				1451D6921983EA03003380BC /* main.m in Sources */,
				1451D6D01983FCF0003380BC /* FeedViewController.m in Sources */,
				1459A36919887F48005C6517 /* ImageStoreCoordinator.m in Sources */,
				14F02EAE198A3BC0006AB5D0 /* FeedHeaderView.m in Sources */,
				142589DA198D05BF0052EC77 /* ViewController.m in Sources */,
				1451D6DD1983FD2F003380BC /* MapViewController.m in Sources */,
				1489F16E198BC34E00CDB3DD /* InstagramTag.m in Sources */,
				1451D6E21983FD45003380BC /* ProfileViewController.m in Sources */,
				14FFD4B81985CE6800A57FC6 /* InstagramComment.m in Sources */,
				1485059A1988AB9200C96108 /* MediaFeed.m in Sources */,
				142589D5198CDB230052EC77 /* MediaCollectionViewCell.m in Sources */,
				148505B01988F65100C96108 /* MediaDetailViewController.m in Sources */,
				148505A71988EDAC00C96108 /* TableViewCell.m in Sources */,
				14FFD4901985B0C500A57FC6 /* InstagramManager.m in Sources */,
				1451D6CB1983FBAC003380BC /* RootViewController.m in Sources */,
				142C00C41985776B000BFEB8 /* InstagramPagination.m in Sources */,
				14F02EB9198A5BDB006AB5D0 /* MapAnnotationView.m in Sources */,
				14FFD4A91985BFAF00A57FC6 /* CoreDataStoreCoordinator.m in Sources */,
				14FFD4CA1986676E00A57FC6 /* InstagramObjectMapper.m in Sources */,
				148505A11988C6CD00C96108 /* MediaTableViewCell.m in Sources */,
				14FFD48D1985A1D900A57FC6 /* PhotoMapModel.xcdatamodeld in Sources */,
				1459A36319887CBC005C6517 /* MediaManager.m in Sources */,
				14FFD4B51985CE6700A57FC6 /* InstagramMedia.m in Sources */,
				14FFD49E1985B4DC00A57FC6 /* InstagramStoreCoordinator.m in Sources */,
				1489F167198BBCF700CDB3DD /* SearchResultsViewController.m in Sources */,
			);
			runOnlyForDeploymentPostprocessing = 0;
		};
		1451D6A21983EA03003380BC /* Sources */ = {
			isa = PBXSourcesBuildPhase;
			buildActionMask = 2147483647;
			files = (
				1451D6B41983EA03003380BC /* PhotoMapTests.m in Sources */,
			);
			runOnlyForDeploymentPostprocessing = 0;
		};
/* End PBXSourcesBuildPhase section */

/* Begin PBXTargetDependency section */
		1451D6AC1983EA03003380BC /* PBXTargetDependency */ = {
			isa = PBXTargetDependency;
			target = 1451D6811983EA03003380BC /* PhotoMap */;
			targetProxy = 1451D6AB1983EA03003380BC /* PBXContainerItemProxy */;
		};
/* End PBXTargetDependency section */

/* Begin PBXVariantGroup section */
		1451D68E1983EA03003380BC /* InfoPlist.strings */ = {
			isa = PBXVariantGroup;
			children = (
				1451D68F1983EA03003380BC /* en */,
			);
			name = InfoPlist.strings;
			sourceTree = "<group>";
		};
		1451D6B01983EA03003380BC /* InfoPlist.strings */ = {
			isa = PBXVariantGroup;
			children = (
				1451D6B11983EA03003380BC /* en */,
			);
			name = InfoPlist.strings;
			sourceTree = "<group>";
		};
/* End PBXVariantGroup section */

/* Begin XCBuildConfiguration section */
		1451D6B51983EA03003380BC /* Debug */ = {
			isa = XCBuildConfiguration;
			buildSettings = {
				ALWAYS_SEARCH_USER_PATHS = NO;
				CLANG_CXX_LANGUAGE_STANDARD = "gnu++0x";
				CLANG_CXX_LIBRARY = "libc++";
				CLANG_ENABLE_MODULES = YES;
				CLANG_ENABLE_OBJC_ARC = YES;
				CLANG_WARN_BOOL_CONVERSION = YES;
				CLANG_WARN_CONSTANT_CONVERSION = YES;
				CLANG_WARN_DIRECT_OBJC_ISA_USAGE = YES_ERROR;
				CLANG_WARN_EMPTY_BODY = YES;
				CLANG_WARN_ENUM_CONVERSION = YES;
				CLANG_WARN_INT_CONVERSION = YES;
				CLANG_WARN_OBJC_ROOT_CLASS = YES_ERROR;
				CLANG_WARN__DUPLICATE_METHOD_MATCH = YES;
				"CODE_SIGN_IDENTITY[sdk=iphoneos*]" = "iPhone Developer";
				COPY_PHASE_STRIP = NO;
				GCC_C_LANGUAGE_STANDARD = gnu99;
				GCC_DYNAMIC_NO_PIC = NO;
				GCC_OPTIMIZATION_LEVEL = 0;
				GCC_PREPROCESSOR_DEFINITIONS = (
					"DEBUG=1",
					"$(inherited)",
				);
				GCC_SYMBOLS_PRIVATE_EXTERN = NO;
				GCC_WARN_64_TO_32_BIT_CONVERSION = YES;
				GCC_WARN_ABOUT_RETURN_TYPE = YES_ERROR;
				GCC_WARN_UNDECLARED_SELECTOR = YES;
				GCC_WARN_UNINITIALIZED_AUTOS = YES_AGGRESSIVE;
				GCC_WARN_UNUSED_FUNCTION = YES;
				GCC_WARN_UNUSED_VARIABLE = YES;
				IPHONEOS_DEPLOYMENT_TARGET = 7.1;
				ONLY_ACTIVE_ARCH = YES;
				SDKROOT = iphoneos;
			};
			name = Debug;
		};
		1451D6B61983EA03003380BC /* Release */ = {
			isa = XCBuildConfiguration;
			buildSettings = {
				ALWAYS_SEARCH_USER_PATHS = NO;
				CLANG_CXX_LANGUAGE_STANDARD = "gnu++0x";
				CLANG_CXX_LIBRARY = "libc++";
				CLANG_ENABLE_MODULES = YES;
				CLANG_ENABLE_OBJC_ARC = YES;
				CLANG_WARN_BOOL_CONVERSION = YES;
				CLANG_WARN_CONSTANT_CONVERSION = YES;
				CLANG_WARN_DIRECT_OBJC_ISA_USAGE = YES_ERROR;
				CLANG_WARN_EMPTY_BODY = YES;
				CLANG_WARN_ENUM_CONVERSION = YES;
				CLANG_WARN_INT_CONVERSION = YES;
				CLANG_WARN_OBJC_ROOT_CLASS = YES_ERROR;
				CLANG_WARN__DUPLICATE_METHOD_MATCH = YES;
				"CODE_SIGN_IDENTITY[sdk=iphoneos*]" = "iPhone Developer";
				COPY_PHASE_STRIP = YES;
				ENABLE_NS_ASSERTIONS = NO;
				GCC_C_LANGUAGE_STANDARD = gnu99;
				GCC_WARN_64_TO_32_BIT_CONVERSION = YES;
				GCC_WARN_ABOUT_RETURN_TYPE = YES_ERROR;
				GCC_WARN_UNDECLARED_SELECTOR = YES;
				GCC_WARN_UNINITIALIZED_AUTOS = YES_AGGRESSIVE;
				GCC_WARN_UNUSED_FUNCTION = YES;
				GCC_WARN_UNUSED_VARIABLE = YES;
				IPHONEOS_DEPLOYMENT_TARGET = 7.1;
				SDKROOT = iphoneos;
				VALIDATE_PRODUCT = YES;
			};
			name = Release;
		};
		1451D6B81983EA03003380BC /* Debug */ = {
			isa = XCBuildConfiguration;
			baseConfigurationReference = ED12EAD1DEB24302A22DD24E /* Pods-PhotoMap.xcconfig */;
			buildSettings = {
				ASSETCATALOG_COMPILER_APPICON_NAME = AppIcon;
				ASSETCATALOG_COMPILER_LAUNCHIMAGE_NAME = LaunchImage;
				GCC_PRECOMPILE_PREFIX_HEADER = YES;
				GCC_PREFIX_HEADER = "Application/PhotoMap-Prefix.pch";
				INFOPLIST_FILE = "Application/PhotoMap-Info.plist";
				PRODUCT_NAME = "$(TARGET_NAME)";
				WRAPPER_EXTENSION = app;
			};
			name = Debug;
		};
		1451D6B91983EA03003380BC /* Release */ = {
			isa = XCBuildConfiguration;
			baseConfigurationReference = ED12EAD1DEB24302A22DD24E /* Pods-PhotoMap.xcconfig */;
			buildSettings = {
				ASSETCATALOG_COMPILER_APPICON_NAME = AppIcon;
				ASSETCATALOG_COMPILER_LAUNCHIMAGE_NAME = LaunchImage;
				GCC_PRECOMPILE_PREFIX_HEADER = YES;
				GCC_PREFIX_HEADER = "Application/PhotoMap-Prefix.pch";
				INFOPLIST_FILE = "Application/PhotoMap-Info.plist";
				PRODUCT_NAME = "$(TARGET_NAME)";
				WRAPPER_EXTENSION = app;
			};
			name = Release;
		};
		1451D6BB1983EA03003380BC /* Debug */ = {
			isa = XCBuildConfiguration;
			buildSettings = {
				BUNDLE_LOADER = "$(BUILT_PRODUCTS_DIR)/PhotoMap.app/PhotoMap";
				FRAMEWORK_SEARCH_PATHS = (
					"$(SDKROOT)/Developer/Library/Frameworks",
					"$(inherited)",
					"$(DEVELOPER_FRAMEWORKS_DIR)",
				);
				GCC_PRECOMPILE_PREFIX_HEADER = YES;
				GCC_PREFIX_HEADER = "PhotoMap/PhotoMap-Prefix.pch";
				GCC_PREPROCESSOR_DEFINITIONS = (
					"DEBUG=1",
					"$(inherited)",
				);
				INFOPLIST_FILE = "PhotoMapTests/PhotoMapTests-Info.plist";
				PRODUCT_NAME = "$(TARGET_NAME)";
				TEST_HOST = "$(BUNDLE_LOADER)";
				WRAPPER_EXTENSION = xctest;
			};
			name = Debug;
		};
		1451D6BC1983EA03003380BC /* Release */ = {
			isa = XCBuildConfiguration;
			buildSettings = {
				BUNDLE_LOADER = "$(BUILT_PRODUCTS_DIR)/PhotoMap.app/PhotoMap";
				FRAMEWORK_SEARCH_PATHS = (
					"$(SDKROOT)/Developer/Library/Frameworks",
					"$(inherited)",
					"$(DEVELOPER_FRAMEWORKS_DIR)",
				);
				GCC_PRECOMPILE_PREFIX_HEADER = YES;
				GCC_PREFIX_HEADER = "PhotoMap/PhotoMap-Prefix.pch";
				INFOPLIST_FILE = "PhotoMapTests/PhotoMapTests-Info.plist";
				PRODUCT_NAME = "$(TARGET_NAME)";
				TEST_HOST = "$(BUNDLE_LOADER)";
				WRAPPER_EXTENSION = xctest;
			};
			name = Release;
		};
/* End XCBuildConfiguration section */

/* Begin XCConfigurationList section */
		1451D67D1983EA03003380BC /* Build configuration list for PBXProject "PhotoMap" */ = {
			isa = XCConfigurationList;
			buildConfigurations = (
				1451D6B51983EA03003380BC /* Debug */,
				1451D6B61983EA03003380BC /* Release */,
			);
			defaultConfigurationIsVisible = 0;
			defaultConfigurationName = Release;
		};
		1451D6B71983EA03003380BC /* Build configuration list for PBXNativeTarget "PhotoMap" */ = {
			isa = XCConfigurationList;
			buildConfigurations = (
				1451D6B81983EA03003380BC /* Debug */,
				1451D6B91983EA03003380BC /* Release */,
			);
			defaultConfigurationIsVisible = 0;
			defaultConfigurationName = Release;
		};
		1451D6BA1983EA03003380BC /* Build configuration list for PBXNativeTarget "PhotoMapTests" */ = {
			isa = XCConfigurationList;
			buildConfigurations = (
				1451D6BB1983EA03003380BC /* Debug */,
				1451D6BC1983EA03003380BC /* Release */,
			);
			defaultConfigurationIsVisible = 0;
			defaultConfigurationName = Release;
		};
/* End XCConfigurationList section */

/* Begin XCVersionGroup section */
		14FFD48B1985A1D900A57FC6 /* PhotoMapModel.xcdatamodeld */ = {
			isa = XCVersionGroup;
			children = (
				14FFD48C1985A1D900A57FC6 /* PhotoMapModel.xcdatamodel */,
			);
			currentVersion = 14FFD48C1985A1D900A57FC6 /* PhotoMapModel.xcdatamodel */;
			name = PhotoMapModel.xcdatamodeld;
			path = Resources/PhotoMapModel.xcdatamodeld;
			sourceTree = "<group>";
			versionGroupType = wrapper.xcdatamodel;
		};
/* End XCVersionGroup section */
	};
	rootObject = 1451D67A1983EA03003380BC /* Project object */;
}
